Microsoft Visual Studio Solution File, Format Version 12.00
# Visual Studio Version 18
VisualStudioVersion = 18.8.12009.203
MinimumVisualStudioVersion = 10.0.40219.1
Project("{2150E333-8FDC-42A3-9474-1A3956D46DE8}") = "src", "src", "{827E0CD3-B72D-47B6-A68D-7590B98EB39B}"
EndProject
Project("{2150E333-8FDC-42A3-9474-1A3956D46DE8}") = "tests", "tests", "{0AB3BF05-4346-4AA6-1389-037BE0695223}"
EndProject
Project("{FAE04EC0-301F-11D3-BF4B-00C04F79EFBC}") = "BookingApi.Presentation", "src\BookingApi.Presentation\BookingApi.Presentation.csproj", "{656820B4-F14B-F3FE-1D1F-EF1DAB45CCDC}"
EndProject
Project("{FAE04EC0-301F-11D3-BF4B-00C04F79EFBC}") = "BookingApi.Application.Tests", "tests\BookingApi.Application.Tests\BookingApi.Application.Tests.csproj", "{81EF21A1-571D-BE88-0DD1-F965A0BB72DE}"
EndProject
Project("{FAE04EC0-301F-11D3-BF4B-00C04F79EFBC}") = "BookingApi.Infrastructure.Tests", "tests\BookingApi.Infrastructure.Tests\BookingApi.Infrastructure.Tests.csproj", "{2889135D-C39F-0148-113D-9D114CB4420F}"
EndProject
Project("{FAE04EC0-301F-11D3-BF4B-00C04F79EFBC}") = "BookingApi.Application", "src\BookingApi.Application\BookingApi.Application.csproj", "{1B4BFE01-89F5-EE87-CC21-DC0A2A8B4333}"
EndProject
Project("{FAE04EC0-301F-11D3-BF4B-00C04F79EFBC}") = "BookingApi.Domain", "src\BookingApi.Domain\BookingApi.Domain.csproj", "{D3F11BF6-3AE6-5AEB-1F25-F88FB049A302}"
EndProject
Project("{FAE04EC0-301F-11D3-BF4B-00C04F79EFBC}") = "BookingApi.Infrastructure", "src\BookingApi.Infrastructure\BookingApi.Infrastructure.csproj", "{4EA58EAD-18A7-F962-0239-636867E77932}"
EndProject
Project("{FAE04EC0-301F-11D3-BF4B-00C04F79EFBC}") = "BookingApi.Domain.Tests", "tests\BookingApi.Domain.Tests\BookingApi.Domain.Tests.csproj", "{7867CEB3-E36F-4624-B4AB-30CF938F3768}"
EndProject
Project("{FAE04EC0-301F-11D3-BF4B-00C04F79EFBC}") = "BookingApi.Presentation.Tests", "tests\BookingApi.Presentation.Tests\BookingApi.Presentation.Tests.csproj", "{13F5C0F7-92FE-474D-A4C7-9B8E6834235E}"
EndProject
Project("{2150E333-8FDC-42A3-9474-1A3956D46DE8}") = "Services", "Services", "{94C6C94C-183B-42BA-ACAA-D2B72020BFD6}"
EndProject
Project("{2150E333-8FDC-42A3-9474-1A3956D46DE8}") = "BookingService", "BookingService", "{1F1D1F01-D2F1-40AC-996B-5AB52CB4A865}"
EndProject
Project("{FAE04EC0-301F-11D3-BF4B-00C04F79EFBC}") = "BookingService.Application", "src\Services\BookingService\BookingService.Application\BookingService.Application.csproj", "{9984D36F-F956-CE8D-BBA6-C003D4F796CD}"
EndProject
Project("{FAE04EC0-301F-11D3-BF4B-00C04F79EFBC}") = "BookingService.Domain", "src\Services\BookingService\BookingService.Domain\BookingService.Domain.csproj", "{4259C10F-87CB-51DA-500F-6252A0ED617C}"
EndProject
Project("{FAE04EC0-301F-11D3-BF4B-00C04F79EFBC}") = "BookingService.Infrastructure", "src\Services\BookingService\BookingService.Infrastructure\BookingService.Infrastructure.csproj", "{99915D74-5A5D-43CF-33C0-0C32D6AC1AAA}"
EndProject
Project("{FAE04EC0-301F-11D3-BF4B-00C04F79EFBC}") = "BookingService.Presentation", "src\Services\BookingService\BookingService.Presentation\BookingService.Presentation.csproj", "{032505A2-93EF-8F6F-0FFC-23BE02789927}"
EndProject
Project("{2150E333-8FDC-42A3-9474-1A3956D46DE8}") = "EventService", "EventService", "{F8BE4E85-CCF4-46CD-8255-C64AD7CAB0C3}"
EndProject
Project("{2150E333-8FDC-42A3-9474-1A3956D46DE8}") = "UserService", "UserService", "{07B5482C-8D6B-46A2-8F48-5D6FEA3DF422}"
EndProject
Project("{FAE04EC0-301F-11D3-BF4B-00C04F79EFBC}") = "EventService.Application", "src\Services\EventService\EventService.Application\EventService.Application.csproj", "{6396F56D-61CD-C9A1-14F8-AC34E5350F95}"
EndProject
Project("{FAE04EC0-301F-11D3-BF4B-00C04F79EFBC}") = "EventService.Domain", "src\Services\EventService\EventService.Domain\EventService.Domain.csproj", "{C1BD9D79-FCC4-B1E7-5B52-99C8E2D109B5}"
EndProject
Project("{FAE04EC0-301F-11D3-BF4B-00C04F79EFBC}") = "EventService.Infrastructure", "src\Services\EventService\EventService.Infrastructure\EventService.Infrastructure.csproj", "{E829035C-6938-C4F1-685F-738C9BACF5B7}"
EndProject
Project("{FAE04EC0-301F-11D3-BF4B-00C04F79EFBC}") = "EventService.Presentation", "src\Services\EventService\EventService.Presentation\EventService.Presentation.csproj", "{4FDEC3E3-0884-ED1A-7F48-90FD15CC991A}"
EndProject
Project("{FAE04EC0-301F-11D3-BF4B-00C04F79EFBC}") = "UserService.Application", "src\Services\UserService\UserService.Application\UserService.Application.csproj", "{A80AFBE1-FDCD-3599-71A6-664A60DD9E9E}"
EndProject
Project("{FAE04EC0-301F-11D3-BF4B-00C04F79EFBC}") = "UserService.Domain", "src\Services\UserService\UserService.Domain\UserService.Domain.csproj", "{7B2C5F8D-B0AE-D789-D8F4-71815B4658FD}"
EndProject
Project("{FAE04EC0-301F-11D3-BF4B-00C04F79EFBC}") = "UserService.Infrastructure", "src\Services\UserService\UserService.Infrastructure\UserService.Infrastructure.csproj", "{789C52E8-25D1-3DBF-E766-69B6048E8A88}"
EndProject
Project("{FAE04EC0-301F-11D3-BF4B-00C04F79EFBC}") = "UserService.Presentation", "src\Services\UserService\UserService.Presentation\UserService.Presentation.csproj", "{766222C7-3A26-9E46-5ECB-37A60D43755E}"
EndProject
Project("{2150E333-8FDC-42A3-9474-1A3956D46DE8}") = "Shared", "Shared", "{11B3DDB6-BD25-4948-9ECD-46DF0D195ABF}"
EndProject
Project("{FAE04EC0-301F-11D3-BF4B-00C04F79EFBC}") = "KafkaContracts", "src\Shared\KafkaContracts\KafkaContracts\KafkaContracts.csproj", "{468503DE-0567-4D3C-8132-0B4639BDB1B9}"
EndProject
Project("{2150E333-8FDC-42A3-9474-1A3956D46DE8}") = "AppHost", "AppHost", "{6A9DEB81-1B14-4F7E-97A2-2B66DDEB6787}"
EndProject
Project("{2150E333-8FDC-42A3-9474-1A3956D46DE8}") = "ServiceDefaults", "ServiceDefaults", "{21F777B4-50F3-479C-9626-CD6796236703}"
EndProject
Project("{FAE04EC0-301F-11D3-BF4B-00C04F79EFBC}") = "AppHost", "src\AppHost\AppHost.csproj", "{32ED2347-8E44-4719-ABE9-56AE0DBC23B5}"
EndProject
Project("{FAE04EC0-301F-11D3-BF4B-00C04F79EFBC}") = "ServiceDefaults", "src\ServiceDefaults\ServiceDefaults.csproj", "{E3C0E21B-371B-ACD5-5FF0-77C353D89E20}"
EndProject
Global
	GlobalSection(SolutionConfigurationPlatforms) = preSolution
		Debug|Any CPU = Debug|Any CPU
		Release|Any CPU = Release|Any CPU
	EndGlobalSection
	GlobalSection(ProjectConfigurationPlatforms) = postSolution
		{656820B4-F14B-F3FE-1D1F-EF1DAB45CCDC}.Debug|Any CPU.ActiveCfg = Debug|Any CPU
		{656820B4-F14B-F3FE-1D1F-EF1DAB45CCDC}.Debug|Any CPU.Build.0 = Debug|Any CPU
		{656820B4-F14B-F3FE-1D1F-EF1DAB45CCDC}.Release|Any CPU.ActiveCfg = Release|Any CPU
		{656820B4-F14B-F3FE-1D1F-EF1DAB45CCDC}.Release|Any CPU.Build.0 = Release|Any CPU
		{81EF21A1-571D-BE88-0DD1-F965A0BB72DE}.Debug|Any CPU.ActiveCfg = Debug|Any CPU
		{81EF21A1-571D-BE88-0DD1-F965A0BB72DE}.Debug|Any CPU.Build.0 = Debug|Any CPU
		{81EF21A1-571D-BE88-0DD1-F965A0BB72DE}.Release|Any CPU.ActiveCfg = Release|Any CPU
		{81EF21A1-571D-BE88-0DD1-F965A0BB72DE}.Release|Any CPU.Build.0 = Release|Any CPU
		{2889135D-C39F-0148-113D-9D114CB4420F}.Debug|Any CPU.ActiveCfg = Debug|Any CPU
		{2889135D-C39F-0148-113D-9D114CB4420F}.Debug|Any CPU.Build.0 = Debug|Any CPU
		{2889135D-C39F-0148-113D-9D114CB4420F}.Release|Any CPU.ActiveCfg = Release|Any CPU
		{2889135D-C39F-0148-113D-9D114CB4420F}.Release|Any CPU.Build.0 = Release|Any CPU
		{1B4BFE01-89F5-EE87-CC21-DC0A2A8B4333}.Debug|Any CPU.ActiveCfg = Debug|Any CPU
		{1B4BFE01-89F5-EE87-CC21-DC0A2A8B4333}.Debug|Any CPU.Build.0 = Debug|Any CPU
		{1B4BFE01-89F5-EE87-CC21-DC0A2A8B4333}.Release|Any CPU.ActiveCfg = Release|Any CPU
		{1B4BFE01-89F5-EE87-CC21-DC0A2A8B4333}.Release|Any CPU.Build.0 = Release|Any CPU
		{D3F11BF6-3AE6-5AEB-1F25-F88FB049A302}.Debug|Any CPU.ActiveCfg = Debug|Any CPU
		{D3F11BF6-3AE6-5AEB-1F25-F88FB049A302}.Debug|Any CPU.Build.0 = Debug|Any CPU
		{D3F11BF6-3AE6-5AEB-1F25-F88FB049A302}.Release|Any CPU.ActiveCfg = Release|Any CPU
		{D3F11BF6-3AE6-5AEB-1F25-F88FB049A302}.Release|Any CPU.Build.0 = Release|Any CPU
		{4EA58EAD-18A7-F962-0239-636867E77932}.Debug|Any CPU.ActiveCfg = Debug|Any CPU
		{4EA58EAD-18A7-F962-0239-636867E77932}.Debug|Any CPU.Build.0 = Debug|Any CPU
		{4EA58EAD-18A7-F962-0239-636867E77932}.Release|Any CPU.ActiveCfg = Release|Any CPU
		{4EA58EAD-18A7-F962-0239-636867E77932}.Release|Any CPU.Build.0 = Release|Any CPU
		{7867CEB3-E36F-4624-B4AB-30CF938F3768}.Debug|Any CPU.ActiveCfg = Debug|Any CPU
		{7867CEB3-E36F-4624-B4AB-30CF938F3768}.Debug|Any CPU.Build.0 = Debug|Any CPU
		{7867CEB3-E36F-4624-B4AB-30CF938F3768}.Release|Any CPU.ActiveCfg = Release|Any CPU
		{7867CEB3-E36F-4624-B4AB-30CF938F3768}.Release|Any CPU.Build.0 = Release|Any CPU
		{13F5C0F7-92FE-474D-A4C7-9B8E6834235E}.Debug|Any CPU.ActiveCfg = Debug|Any CPU
		{13F5C0F7-92FE-474D-A4C7-9B8E6834235E}.Debug|Any CPU.Build.0 = Debug|Any CPU
		{13F5C0F7-92FE-474D-A4C7-9B8E6834235E}.Release|Any CPU.ActiveCfg = Release|Any CPU
		{13F5C0F7-92FE-474D-A4C7-9B8E6834235E}.Release|Any CPU.Build.0 = Release|Any CPU
		{9984D36F-F956-CE8D-BBA6-C003D4F796CD}.Debug|Any CPU.ActiveCfg = Debug|Any CPU
		{9984D36F-F956-CE8D-BBA6-C003D4F796CD}.Debug|Any CPU.Build.0 = Debug|Any CPU
		{9984D36F-F956-CE8D-BBA6-C003D4F796CD}.Release|Any CPU.ActiveCfg = Release|Any CPU
		{9984D36F-F956-CE8D-BBA6-C003D4F796CD}.Release|Any CPU.Build.0 = Release|Any CPU
		{4259C10F-87CB-51DA-500F-6252A0ED617C}.Debug|Any CPU.ActiveCfg = Debug|Any CPU
		{4259C10F-87CB-51DA-500F-6252A0ED617C}.Debug|Any CPU.Build.0 = Debug|Any CPU
		{4259C10F-87CB-51DA-500F-6252A0ED617C}.Release|Any CPU.ActiveCfg = Release|Any CPU
		{4259C10F-87CB-51DA-500F-6252A0ED617C}.Release|Any CPU.Build.0 = Release|Any CPU
		{99915D74-5A5D-43CF-33C0-0C32D6AC1AAA}.Debug|Any CPU.ActiveCfg = Debug|Any CPU
		{99915D74-5A5D-43CF-33C0-0C32D6AC1AAA}.Debug|Any CPU.Build.0 = Debug|Any CPU
		{99915D74-5A5D-43CF-33C0-0C32D6AC1AAA}.Release|Any CPU.ActiveCfg = Release|Any CPU
		{99915D74-5A5D-43CF-33C0-0C32D6AC1AAA}.Release|Any CPU.Build.0 = Release|Any CPU
		{032505A2-93EF-8F6F-0FFC-23BE02789927}.Debug|Any CPU.ActiveCfg = Debug|Any CPU
		{032505A2-93EF-8F6F-0FFC-23BE02789927}.Debug|Any CPU.Build.0 = Debug|Any CPU
		{032505A2-93EF-8F6F-0FFC-23BE02789927}.Release|Any CPU.ActiveCfg = Release|Any CPU
		{032505A2-93EF-8F6F-0FFC-23BE02789927}.Release|Any CPU.Build.0 = Release|Any CPU
		{6396F56D-61CD-C9A1-14F8-AC34E5350F95}.Debug|Any CPU.ActiveCfg = Debug|Any CPU
		{6396F56D-61CD-C9A1-14F8-AC34E5350F95}.Debug|Any CPU.Build.0 = Debug|Any CPU
		{6396F56D-61CD-C9A1-14F8-AC34E5350F95}.Release|Any CPU.ActiveCfg = Release|Any CPU
		{6396F56D-61CD-C9A1-14F8-AC34E5350F95}.Release|Any CPU.Build.0 = Release|Any CPU
		{C1BD9D79-FCC4-B1E7-5B52-99C8E2D109B5}.Debug|Any CPU.ActiveCfg = Debug|Any CPU
		{C1BD9D79-FCC4-B1E7-5B52-99C8E2D109B5}.Debug|Any CPU.Build.0 = Debug|Any CPU
		{C1BD9D79-FCC4-B1E7-5B52-99C8E2D109B5}.Release|Any CPU.ActiveCfg = Release|Any CPU
		{C1BD9D79-FCC4-B1E7-5B52-99C8E2D109B5}.Release|Any CPU.Build.0 = Release|Any CPU
		{E829035C-6938-C4F1-685F-738C9BACF5B7}.Debug|Any CPU.ActiveCfg = Debug|Any CPU
		{E829035C-6938-C4F1-685F-738C9BACF5B7}.Debug|Any CPU.Build.0 = Debug|Any CPU
		{E829035C-6938-C4F1-685F-738C9BACF5B7}.Release|Any CPU.ActiveCfg = Release|Any CPU
		{E829035C-6938-C4F1-685F-738C9BACF5B7}.Release|Any CPU.Build.0 = Release|Any CPU
		{4FDEC3E3-0884-ED1A-7F48-90FD15CC991A}.Debug|Any CPU.ActiveCfg = Debug|Any CPU
		{4FDEC3E3-0884-ED1A-7F48-90FD15CC991A}.Debug|Any CPU.Build.0 = Debug|Any CPU
		{4FDEC3E3-0884-ED1A-7F48-90FD15CC991A}.Release|Any CPU.ActiveCfg = Release|Any CPU
		{4FDEC3E3-0884-ED1A-7F48-90FD15CC991A}.Release|Any CPU.Build.0 = Release|Any CPU
		{A80AFBE1-FDCD-3599-71A6-664A60DD9E9E}.Debug|Any CPU.ActiveCfg = Debug|Any CPU
		{A80AFBE1-FDCD-3599-71A6-664A60DD9E9E}.Debug|Any CPU.Build.0 = Debug|Any CPU
		{A80AFBE1-FDCD-3599-71A6-664A60DD9E9E}.Release|Any CPU.ActiveCfg = Release|Any CPU
		{A80AFBE1-FDCD-3599-71A6-664A60DD9E9E}.Release|Any CPU.Build.0 = Release|Any CPU
		{7B2C5F8D-B0AE-D789-D8F4-71815B4658FD}.Debug|Any CPU.ActiveCfg = Debug|Any CPU
		{7B2C5F8D-B0AE-D789-D8F4-71815B4658FD}.Debug|Any CPU.Build.0 = Debug|Any CPU
		{7B2C5F8D-B0AE-D789-D8F4-71815B4658FD}.Release|Any CPU.ActiveCfg = Release|Any CPU
		{7B2C5F8D-B0AE-D789-D8F4-71815B4658FD}.Release|Any CPU.Build.0 = Release|Any CPU
		{789C52E8-25D1-3DBF-E766-69B6048E8A88}.Debug|Any CPU.ActiveCfg = Debug|Any CPU
		{789C52E8-25D1-3DBF-E766-69B6048E8A88}.Debug|Any CPU.Build.0 = Debug|Any CPU
		{789C52E8-25D1-3DBF-E766-69B6048E8A88}.Release|Any CPU.ActiveCfg = Release|Any CPU
		{789C52E8-25D1-3DBF-E766-69B6048E8A88}.Release|Any CPU.Build.0 = Release|Any CPU
		{766222C7-3A26-9E46-5ECB-37A60D43755E}.Debug|Any CPU.ActiveCfg = Debug|Any CPU
		{766222C7-3A26-9E46-5ECB-37A60D43755E}.Debug|Any CPU.Build.0 = Debug|Any CPU
		{766222C7-3A26-9E46-5ECB-37A60D43755E}.Release|Any CPU.ActiveCfg = Release|Any CPU
		{766222C7-3A26-9E46-5ECB-37A60D43755E}.Release|Any CPU.Build.0 = Release|Any CPU
		{468503DE-0567-4D3C-8132-0B4639BDB1B9}.Debug|Any CPU.ActiveCfg = Debug|Any CPU
		{468503DE-0567-4D3C-8132-0B4639BDB1B9}.Debug|Any CPU.Build.0 = Debug|Any CPU
		{468503DE-0567-4D3C-8132-0B4639BDB1B9}.Release|Any CPU.ActiveCfg = Release|Any CPU
		{468503DE-0567-4D3C-8132-0B4639BDB1B9}.Release|Any CPU.Build.0 = Release|Any CPU
		{32ED2347-8E44-4719-ABE9-56AE0DBC23B5}.Debug|Any CPU.ActiveCfg = Debug|Any CPU
		{32ED2347-8E44-4719-ABE9-56AE0DBC23B5}.Debug|Any CPU.Build.0 = Debug|Any CPU
		{32ED2347-8E44-4719-ABE9-56AE0DBC23B5}.Release|Any CPU.ActiveCfg = Release|Any CPU
		{32ED2347-8E44-4719-ABE9-56AE0DBC23B5}.Release|Any CPU.Build.0 = Release|Any CPU
		{E3C0E21B-371B-ACD5-5FF0-77C353D89E20}.Debug|Any CPU.ActiveCfg = Debug|Any CPU
		{E3C0E21B-371B-ACD5-5FF0-77C353D89E20}.Debug|Any CPU.Build.0 = Debug|Any CPU
		{E3C0E21B-371B-ACD5-5FF0-77C353D89E20}.Release|Any CPU.ActiveCfg = Release|Any CPU
		{E3C0E21B-371B-ACD5-5FF0-77C353D89E20}.Release|Any CPU.Build.0 = Release|Any CPU
	EndGlobalSection
	GlobalSection(SolutionProperties) = preSolution
		HideSolutionNode = FALSE
	EndGlobalSection
	GlobalSection(NestedProjects) = preSolution
		{656820B4-F14B-F3FE-1D1F-EF1DAB45CCDC} = {827E0CD3-B72D-47B6-A68D-7590B98EB39B}
		{81EF21A1-571D-BE88-0DD1-F965A0BB72DE} = {0AB3BF05-4346-4AA6-1389-037BE0695223}
		{2889135D-C39F-0148-113D-9D114CB4420F} = {0AB3BF05-4346-4AA6-1389-037BE0695223}
		{1B4BFE01-89F5-EE87-CC21-DC0A2A8B4333} = {827E0CD3-B72D-47B6-A68D-7590B98EB39B}
		{D3F11BF6-3AE6-5AEB-1F25-F88FB049A302} = {827E0CD3-B72D-47B6-A68D-7590B98EB39B}
		{4EA58EAD-18A7-F962-0239-636867E77932} = {827E0CD3-B72D-47B6-A68D-7590B98EB39B}
		{7867CEB3-E36F-4624-B4AB-30CF938F3768} = {0AB3BF05-4346-4AA6-1389-037BE0695223}
		{13F5C0F7-92FE-474D-A4C7-9B8E6834235E} = {0AB3BF05-4346-4AA6-1389-037BE0695223}
		{94C6C94C-183B-42BA-ACAA-D2B72020BFD6} = {827E0CD3-B72D-47B6-A68D-7590B98EB39B}
		{1F1D1F01-D2F1-40AC-996B-5AB52CB4A865} = {94C6C94C-183B-42BA-ACAA-D2B72020BFD6}
		{9984D36F-F956-CE8D-BBA6-C003D4F796CD} = {1F1D1F01-D2F1-40AC-996B-5AB52CB4A865}
		{4259C10F-87CB-51DA-500F-6252A0ED617C} = {1F1D1F01-D2F1-40AC-996B-5AB52CB4A865}
		{99915D74-5A5D-43CF-33C0-0C32D6AC1AAA} = {1F1D1F01-D2F1-40AC-996B-5AB52CB4A865}
		{032505A2-93EF-8F6F-0FFC-23BE02789927} = {1F1D1F01-D2F1-40AC-996B-5AB52CB4A865}
		{F8BE4E85-CCF4-46CD-8255-C64AD7CAB0C3} = {94C6C94C-183B-42BA-ACAA-D2B72020BFD6}
		{07B5482C-8D6B-46A2-8F48-5D6FEA3DF422} = {94C6C94C-183B-42BA-ACAA-D2B72020BFD6}
		{6396F56D-61CD-C9A1-14F8-AC34E5350F95} = {F8BE4E85-CCF4-46CD-8255-C64AD7CAB0C3}
		{C1BD9D79-FCC4-B1E7-5B52-99C8E2D109B5} = {F8BE4E85-CCF4-46CD-8255-C64AD7CAB0C3}
		{E829035C-6938-C4F1-685F-738C9BACF5B7} = {F8BE4E85-CCF4-46CD-8255-C64AD7CAB0C3}
		{4FDEC3E3-0884-ED1A-7F48-90FD15CC991A} = {F8BE4E85-CCF4-46CD-8255-C64AD7CAB0C3}
		{A80AFBE1-FDCD-3599-71A6-664A60DD9E9E} = {07B5482C-8D6B-46A2-8F48-5D6FEA3DF422}
		{7B2C5F8D-B0AE-D789-D8F4-71815B4658FD} = {07B5482C-8D6B-46A2-8F48-5D6FEA3DF422}
		{789C52E8-25D1-3DBF-E766-69B6048E8A88} = {07B5482C-8D6B-46A2-8F48-5D6FEA3DF422}
		{766222C7-3A26-9E46-5ECB-37A60D43755E} = {07B5482C-8D6B-46A2-8F48-5D6FEA3DF422}
		{11B3DDB6-BD25-4948-9ECD-46DF0D195ABF} = {827E0CD3-B72D-47B6-A68D-7590B98EB39B}
		{468503DE-0567-4D3C-8132-0B4639BDB1B9} = {11B3DDB6-BD25-4948-9ECD-46DF0D195ABF}
		{6A9DEB81-1B14-4F7E-97A2-2B66DDEB6787} = {827E0CD3-B72D-47B6-A68D-7590B98EB39B}
		{21F777B4-50F3-479C-9626-CD6796236703} = {827E0CD3-B72D-47B6-A68D-7590B98EB39B}
		{32ED2347-8E44-4719-ABE9-56AE0DBC23B5} = {6A9DEB81-1B14-4F7E-97A2-2B66DDEB6787}
		{E3C0E21B-371B-ACD5-5FF0-77C353D89E20} = {21F777B4-50F3-479C-9626-CD6796236703}
	EndGlobalSection
	GlobalSection(ExtensibilityGlobals) = postSolution
		SolutionGuid = {76E1F615-31BD-4BF8-9C76-C349A4BD7016}
	EndGlobalSection
EndGlobal
